
Microsoft Visual Studio Solution File, Format Version 12.00
# Visual Studio Version 16
VisualStudioVersion = 16.0.30320.27
MinimumVisualStudioVersion = 10.0.40219.1
Project("{FAE04EC0-301F-11D3-BF4B-00C04F79EFBC}") = "WebApplication3", "WebApplication3\WebApplication3.csproj", "{0DDA3D3B-F867-4395-BA2F-C1CE0924C35E}"
EndProject
Global
	GlobalSection(SolutionConfigurationPlatforms) = preSolution
		Debug|Any CPU = Debug|Any CPU
		Release|Any CPU = Release|Any CPU
	EndGlobalSection
	GlobalSection(ProjectConfigurationPlatforms) = postSolution
		{0DDA3D3B-F867-4395-BA2F-C1CE0924C35E}.Debug|Any CPU.ActiveCfg = Debug|Any CPU
		{0DDA3D3B-F867-4395-BA2F-C1CE0924C35E}.Debug|Any CPU.Build.0 = Debug|Any CPU
		{0DDA3D3B-F867-4395-BA2F-C1CE0924C35E}.Release|Any CPU.ActiveCfg = Release|Any CPU
		{0DDA3D3B-F867-4395-BA2F-C1CE0924C35E}.Release|Any CPU.Build.0 = Release|Any CPU
	EndGlobalSection
	GlobalSection(SolutionProperties) = preSolution
		HideSolutionNode = FALSE
	EndGlobalSection
	GlobalSection(ExtensibilityGlobals) = postSolution
		SolutionGuid = {BCA00898-D1CB-4260-9BEE-E9E0BF2CD229}
	EndGlobalSection
EndGlobal
